

GROUP Analyzers
RESTRICTION: >= net45
NUGET
  remote: http://www.nuget.org/api/v2
    JetBrains.Annotations (11.1)
    StyleCop.Analyzers (1.0.2)
    WpfAnalyzers (0.3.1)

GROUP Build
RESTRICTION: >= net45
NUGET
  remote: http://www.nuget.org/api/v2
    SourceLink.Create.CommandLine (2.5)

GROUP Test
RESTRICTION: >= net45
NUGET
  remote: http://www.nuget.org/api/v2
    Gu.Wpf.UiAutomation (0.1.17)
    NUnit (3.8.1)
